// !$*UTF8*$!
{
	archiveVersion = 1;
	classes = {
	};
	objectVersion = 50;
	objects = {

/* Begin PBXBuildFile section */
		3BE3A49042BA9BDAEF049A51 /* Pods_OpenWeatherAPIsDemo.framework in Frameworks */ = {isa = PBXBuildFile; fileRef = C2F65CD8825B63A830C649E4 /* Pods_OpenWeatherAPIsDemo.framework */; };
		4913B37422034E04009E8A10 /* AppDelegate.swift in Sources */ = {isa = PBXBuildFile; fileRef = 4913B37322034E04009E8A10 /* AppDelegate.swift */; };
		4913B37622034E04009E8A10 /* ViewController.swift in Sources */ = {isa = PBXBuildFile; fileRef = 4913B37522034E04009E8A10 /* ViewController.swift */; };
		4913B37922034E04009E8A10 /* Main.storyboard in Resources */ = {isa = PBXBuildFile; fileRef = 4913B37722034E04009E8A10 /* Main.storyboard */; };
		4913B37C22034E04009E8A10 /* OpenWeatherAPIsDemo.xcdatamodeld in Sources */ = {isa = PBXBuildFile; fileRef = 4913B37A22034E04009E8A10 /* OpenWeatherAPIsDemo.xcdatamodeld */; };
		4913B37E22034E08009E8A10 /* Assets.xcassets in Resources */ = {isa = PBXBuildFile; fileRef = 4913B37D22034E08009E8A10 /* Assets.xcassets */; };
		4913B38122034E08009E8A10 /* LaunchScreen.storyboard in Resources */ = {isa = PBXBuildFile; fileRef = 4913B37F22034E08009E8A10 /* LaunchScreen.storyboard */; };
		4913B38D22034ED8009E8A10 /* Constants.swift in Sources */ = {isa = PBXBuildFile; fileRef = 4913B38C22034ED8009E8A10 /* Constants.swift */; };
/* End PBXBuildFile section */

/* Begin PBXFileReference section */
		4913B37022034E04009E8A10 /* OpenWeatherAPIsDemo.app */ = {isa = PBXFileReference; explicitFileType = wrapper.application; includeInIndex = 0; path = OpenWeatherAPIsDemo.app; sourceTree = BUILT_PRODUCTS_DIR; };
		4913B37322034E04009E8A10 /* AppDelegate.swift */ = {isa = PBXFileReference; lastKnownFileType = sourcecode.swift; path = AppDelegate.swift; sourceTree = "<group>"; };
		4913B37522034E04009E8A10 /* ViewController.swift */ = {isa = PBXFileReference; lastKnownFileType = sourcecode.swift; path = ViewController.swift; sourceTree = "<group>"; };
		4913B37822034E04009E8A10 /* Base */ = {isa = PBXFileReference; lastKnownFileType = file.storyboard; name = Base; path = Base.lproj/Main.storyboard; sourceTree = "<group>"; };
		4913B37B22034E04009E8A10 /* OpenWeatherAPIsDemo.xcdatamodel */ = {isa = PBXFileReference; lastKnownFileType = wrapper.xcdatamodel; path = OpenWeatherAPIsDemo.xcdatamodel; sourceTree = "<group>"; };
		4913B37D22034E08009E8A10 /* Assets.xcassets */ = {isa = PBXFileReference; lastKnownFileType = folder.assetcatalog; path = Assets.xcassets; sourceTree = "<group>"; };
		4913B38022034E08009E8A10 /* Base */ = {isa = PBXFileReference; lastKnownFileType = file.storyboard; name = Base; path = Base.lproj/LaunchScreen.storyboard; sourceTree = "<group>"; };
		4913B38222034E08009E8A10 /* Info.plist */ = {isa = PBXFileReference; lastKnownFileType = text.plist.xml; path = Info.plist; sourceTree = "<group>"; };
		4913B38C22034ED8009E8A10 /* Constants.swift */ = {isa = PBXFileReference; lastKnownFileType = sourcecode.swift; path = Constants.swift; sourceTree = "<group>"; };
		97BD4200B9513D1AE0EA4E72 /* Pods-OpenWeatherAPIsDemo.release.xcconfig */ = {isa = PBXFileReference; includeInIndex = 1; lastKnownFileType = text.xcconfig; name = "Pods-OpenWeatherAPIsDemo.release.xcconfig"; path = "Pods/Target Support Files/Pods-OpenWeatherAPIsDemo/Pods-OpenWeatherAPIsDemo.release.xcconfig"; sourceTree = "<group>"; };
		C2F65CD8825B63A830C649E4 /* Pods_OpenWeatherAPIsDemo.framework */ = {isa = PBXFileReference; explicitFileType = wrapper.framework; includeInIndex = 0; path = Pods_OpenWeatherAPIsDemo.framework; sourceTree = BUILT_PRODUCTS_DIR; };
		C65B8F7B023A0BDCD20D2E68 /* Pods-OpenWeatherAPIsDemo.debug.xcconfig */ = {isa = PBXFileReference; includeInIndex = 1; lastKnownFileType = text.xcconfig; name = "Pods-OpenWeatherAPIsDemo.debug.xcconfig"; path = "Pods/Target Support Files/Pods-OpenWeatherAPIsDemo/Pods-OpenWeatherAPIsDemo.debug.xcconfig"; sourceTree = "<group>"; };
/* End PBXFileReference section */

/* Begin PBXFrameworksBuildPhase section */
		4913B36D22034E04009E8A10 /* Frameworks */ = {
			isa = PBXFrameworksBuildPhase;
			buildActionMask = 2147483647;
			files = (
				3BE3A49042BA9BDAEF049A51 /* Pods_OpenWeatherAPIsDemo.framework in Frameworks */,
			);
			runOnlyForDeploymentPostprocessing = 0;
		};
/* End PBXFrameworksBuildPhase section */

/* Begin PBXGroup section */
		4913B36722034E04009E8A10 = {
			isa = PBXGroup;
			children = (
				4913B37222034E04009E8A10 /* OpenWeatherAPIsDemo */,
				4913B37122034E04009E8A10 /* Products */,
				C37DF9A3E94E97CD999B4C83 /* Pods */,
				947093914165846232081AE8 /* Frameworks */,
			);
			sourceTree = "<group>";
		};
		4913B37122034E04009E8A10 /* Products */ = {
			isa = PBXGroup;
			children = (
				4913B37022034E04009E8A10 /* OpenWeatherAPIsDemo.app */,
			);
			name = Products;
			sourceTree = "<group>";
		};
		4913B37222034E04009E8A10 /* OpenWeatherAPIsDemo */ = {
			isa = PBXGroup;
			children = (
				4913B37322034E04009E8A10 /* AppDelegate.swift */,
				4913B38C22034ED8009E8A10 /* Constants.swift */,
				4913B38A22034E24009E8A10 /* Controllers */,
				4913B38922034E1C009E8A10 /* Views */,
				4913B38822034E13009E8A10 /* Models */,
				4913B38B22034E42009E8A10 /* Supporting Files */,
			);
			path = OpenWeatherAPIsDemo;
			sourceTree = "<group>";
		};
		4913B38822034E13009E8A10 /* Models */ = {
			isa = PBXGroup;
			children = (
			);
			name = Models;
			sourceTree = "<group>";
		};
		4913B38922034E1C009E8A10 /* Views */ = {
			isa = PBXGroup;
			children = (
				4913B37722034E04009E8A10 /* Main.storyboard */,
			);
			name = Views;
			sourceTree = "<group>";
		};
		4913B38A22034E24009E8A10 /* Controllers */ = {
			isa = PBXGroup;
			children = (
				4913B37522034E04009E8A10 /* ViewController.swift */,
			);
			name = Controllers;
			sourceTree = "<group>";
		};
		4913B38B22034E42009E8A10 /* Supporting Files */ = {
			isa = PBXGroup;
			children = (
				4913B37D22034E08009E8A10 /* Assets.xcassets */,
				4913B37F22034E08009E8A10 /* LaunchScreen.storyboard */,
				4913B38222034E08009E8A10 /* Info.plist */,
				4913B37A22034E04009E8A10 /* OpenWeatherAPIsDemo.xcdatamodeld */,
			);
			name = "Supporting Files";
			sourceTree = "<group>";
		};
		947093914165846232081AE8 /* Frameworks */ = {
			isa = PBXGroup;
			children = (
				C2F65CD8825B63A830C649E4 /* Pods_OpenWeatherAPIsDemo.framework */,
			);
			name = Frameworks;
			sourceTree = "<group>";
		};
		C37DF9A3E94E97CD999B4C83 /* Pods */ = {
			isa = PBXGroup;
			children = (
				C65B8F7B023A0BDCD20D2E68 /* Pods-OpenWeatherAPIsDemo.debug.xcconfig */,
				97BD4200B9513D1AE0EA4E72 /* Pods-OpenWeatherAPIsDemo.release.xcconfig */,
			);
			name = Pods;
			sourceTree = "<group>";
		};
/* End PBXGroup section */

/* Begin PBXNativeTarget section */
		4913B36F22034E04009E8A10 /* OpenWeatherAPIsDemo */ = {
			isa = PBXNativeTarget;
			buildConfigurationList = 4913B38522034E08009E8A10 /* Build configuration list for PBXNativeTarget "OpenWeatherAPIsDemo" */;
			buildPhases = (
				6590BFBBDCAF02BE4CAA2009 /* [CP] Check Pods Manifest.lock */,
				4913B36C22034E04009E8A10 /* Sources */,
				4913B36D22034E04009E8A10 /* Frameworks */,
				4913B36E22034E04009E8A10 /* Resources */,
				2363E65A70558DBA48122227 /* [CP] Embed Pods Frameworks */,
			);
			buildRules = (
			);
			dependencies = (
			);
			name = OpenWeatherAPIsDemo;
			productName = OpenWeatherAPIsDemo;
			productReference = 4913B37022034E04009E8A10 /* OpenWeatherAPIsDemo.app */;
			productType = "com.apple.product-type.application";
		};
/* End PBXNativeTarget section */

/* Begin PBXProject section */
		4913B36822034E04009E8A10 /* Project object */ = {
			isa = PBXProject;
			attributes = {
				LastSwiftUpdateCheck = 1010;
				LastUpgradeCheck = 1010;
				ORGANIZATIONNAME = 224Apps;
				TargetAttributes = {
					4913B36F22034E04009E8A10 = {
						CreatedOnToolsVersion = 10.1;
					};
				};
			};
			buildConfigurationList = 4913B36B22034E04009E8A10 /* Build configuration list for PBXProject "OpenWeatherAPIsDemo" */;
			compatibilityVersion = "Xcode 9.3";
			developmentRegion = en;
			hasScannedForEncodings = 0;
			knownRegions = (
				en,
				Base,
			);
			mainGroup = 4913B36722034E04009E8A10;
			productRefGroup = 4913B37122034E04009E8A10 /* Products */;
			projectDirPath = "";
			projectRoot = "";
			targets = (
				4913B36F22034E04009E8A10 /* OpenWeatherAPIsDemo */,
			);
		};
/* End PBXProject section */

/* Begin PBXResourcesBuildPhase section */
		4913B36E22034E04009E8A10 /* Resources */ = {
			isa = PBXResourcesBuildPhase;
			buildActionMask = 2147483647;
			files = (
				4913B38122034E08009E8A10 /* LaunchScreen.storyboard in Resources */,
				4913B37E22034E08009E8A10 /* Assets.xcassets in Resources */,
				4913B37922034E04009E8A10 /* Main.storyboard in Resources */,
			);
			runOnlyForDeploymentPostprocessing = 0;
		};
/* End PBXResourcesBuildPhase section */

/* Begin PBXShellScriptBuildPhase section */
		2363E65A70558DBA48122227 /* [CP] Embed Pods Frameworks */ = {
			isa = PBXShellScriptBuildPhase;
			buildActionMask = 2147483647;
			files = (
			);
			inputPaths = (
				"${SRCROOT}/Pods/Target Support Files/Pods-OpenWeatherAPIsDemo/Pods-OpenWeatherAPIsDemo-frameworks.sh",
				"${BUILT_PRODUCTS_DIR}/Alamofire/Alamofire.framework",
				"${BUILT_PRODUCTS_DIR}/SwiftyJSON/SwiftyJSON.framework",
			);
			name = "[CP] Embed Pods Frameworks";
			outputPaths = (
				"${TARGET_BUILD_DIR}/${FRAMEWORKS_FOLDER_PATH}/Alamofire.framework",
				"${TARGET_BUILD_DIR}/${FRAMEWORKS_FOLDER_PATH}/SwiftyJSON.framework",
			);
			runOnlyForDeploymentPostprocessing = 0;
			shellPath = /bin/sh;
			shellScript = "\"${SRCROOT}/Pods/Target Support Files/Pods-OpenWeatherAPIsDemo/Pods-OpenWeatherAPIsDemo-frameworks.sh\"\n";
			showEnvVarsInLog = 0;
		};
		6590BFBBDCAF02BE4CAA2009 /* [CP] Check Pods Manifest.lock */ = {
			isa = PBXShellScriptBuildPhase;
			buildActionMask = 2147483647;
			files = (
			);
			inputPaths = (
				"${PODS_PODFILE_DIR_PATH}/Podfile.lock",
				"${PODS_ROOT}/Manifest.lock",
			);
			name = "[CP] Check Pods Manifest.lock";
			outputPaths = (
				"$(DERIVED_FILE_DIR)/Pods-OpenWeatherAPIsDemo-checkManifestLockResult.txt",
			);
			runOnlyForDeploymentPostprocessing = 0;
			shellPath = /bin/sh;
			shellScript = "diff \"${PODS_PODFILE_DIR_PATH}/Podfile.lock\" \"${PODS_ROOT}/Manifest.lock\" > /dev/null\nif [ $? != 0 ] ; then\n    # print error to STDERR\n    echo \"error: The sandbox is not in sync with the Podfile.lock. Run 'pod install' or update your CocoaPods installation.\" >&2\n    exit 1\nfi\n# This output is used by Xcode 'outputs' to avoid re-running this script phase.\necho \"SUCCESS\" > \"${SCRIPT_OUTPUT_FILE_0}\"\n";
			showEnvVarsInLog = 0;
		};
/* End PBXShellScriptBuildPhase section */

/* Begin PBXSourcesBuildPhase section */
		4913B36C22034E04009E8A10 /* Sources */ = {
			isa = PBXSourcesBuildPhase;
			buildActionMask = 2147483647;
			files = (
				4913B37622034E04009E8A10 /* ViewController.swift in Sources */,
				4913B37C22034E04009E8A10 /* OpenWeatherAPIsDemo.xcdatamodeld in Sources */,
				4913B37422034E04009E8A10 /* AppDelegate.swift in Sources */,
				4913B38D22034ED8009E8A10 /* Constants.swift in Sources */,
			);
			runOnlyForDeploymentPostprocessing = 0;
		};
/* End PBXSourcesBuildPhase section */

/* Begin PBXVariantGroup section */
		4913B37722034E04009E8A10 /* Main.storyboard */ = {
			isa = PBXVariantGroup;
			children = (
				4913B37822034E04009E8A10 /* Base */,
			);
			name = Main.storyboard;
			sourceTree = "<group>";
		};
		4913B37F22034E08009E8A10 /* LaunchScreen.storyboard */ = {
			isa = PBXVariantGroup;
			children = (
				4913B38022034E08009E8A10 /* Base */,
			);
			name = LaunchScreen.storyboard;
			sourceTree = "<group>";
		};
/* End PBXVariantGroup section */

/* Begin XCBuildConfiguration section */
		4913B38322034E08009E8A10 /* Debug */ = {
			isa = XCBuildConfiguration;
			buildSettings = {
				ALWAYS_SEARCH_USER_PATHS = NO;
				CLANG_ANALYZER_NONNULL = YES;
				CLANG_ANALYZER_NUMBER_OBJECT_CONVERSION = YES_AGGRESSIVE;
				CLANG_CXX_LANGUAGE_STANDARD = "gnu++14";
				CLANG_CXX_LIBRARY = "libc++";
				CLANG_ENABLE_MODULES = YES;
				CLANG_ENABLE_OBJC_ARC = YES;
				CLANG_ENABLE_OBJC_WEAK = YES;
				CLANG_WARN_BLOCK_CAPTURE_AUTORELEASING = YES;
				CLANG_WARN_BOOL_CONVERSION = YES;
				CLANG_WARN_COMMA = YES;
				CLANG_WARN_CONSTANT_CONVERSION = YES;
				CLANG_WARN_DEPRECATED_OBJC_IMPLEMENTATIONS = YES;
				CLANG_WARN_DIRECT_OBJC_ISA_USAGE = YES_ERROR;
				CLANG_WARN_DOCUMENTATION_COMMENTS = YES;
				CLANG_WARN_EMPTY_BODY = YES;
				CLANG_WARN_ENUM_CONVERSION = YES;
				CLANG_WARN_INFINITE_RECURSION = YES;
				CLANG_WARN_INT_CONVERSION = YES;
				CLANG_WARN_NON_LITERAL_NULL_CONVERSION = YES;
				CLANG_WARN_OBJC_IMPLICIT_RETAIN_SELF = YES;
				CLANG_WARN_OBJC_LITERAL_CONVERSION = YES;
				CLANG_WARN_OBJC_ROOT_CLASS = YES_ERROR;
				CLANG_WARN_RANGE_LOOP_ANALYSIS = YES;
				CLANG_WARN_STRICT_PROTOTYPES = YES;
				CLANG_WARN_SUSPICIOUS_MOVE = YES;
				CLANG_WARN_UNGUARDED_AVAILABILITY = YES_AGGRESSIVE;
				CLANG_WARN_UNREACHABLE_CODE = YES;
				CLANG_WARN__DUPLICATE_METHOD_MATCH = YES;
				CODE_SIGN_IDENTITY = "iPhone Developer";
				COPY_PHASE_STRIP = NO;
				DEBUG_INFORMATION_FORMAT = dwarf;
				ENABLE_STRICT_OBJC_MSGSEND = YES;
				ENABLE_TESTABILITY = YES;
				GCC_C_LANGUAGE_STANDARD = gnu11;
				GCC_DYNAMIC_NO_PIC = NO;
				GCC_NO_COMMON_BLOCKS = YES;
				GCC_OPTIMIZATION_LEVEL = 0;
				GCC_PREPROCESSOR_DEFINITIONS = (
					"DEBUG=1",
					"$(inherited)",
				);
				GCC_WARN_64_TO_32_BIT_CONVERSION = YES;
				GCC_WARN_ABOUT_RETURN_TYPE = YES_ERROR;
				GCC_WARN_UNDECLARED_SELECTOR = YES;
				GCC_WARN_UNINITIALIZED_AUTOS = YES_AGGRESSIVE;
				GCC_WARN_UNUSED_FUNCTION = YES;
				GCC_WARN_UNUSED_VARIABLE = YES;
				IPHONEOS_DEPLOYMENT_TARGET = 12.1;
				MTL_ENABLE_DEBUG_INFO = INCLUDE_SOURCE;
				MTL_FAST_MATH = YES;
				ONLY_ACTIVE_ARCH = YES;
				SDKROOT = iphoneos;
				SWIFT_ACTIVE_COMPILATION_CONDITIONS = DEBUG;
				SWIFT_OPTIMIZATION_LEVEL = "-Onone";
			};
			name = Debug;
		};
		4913B38422034E08009E8A10 /* Release */ = {
			isa = XCBuildConfiguration;
			buildSettings = {
				ALWAYS_SEARCH_USER_PATHS = NO;
				CLANG_ANALYZER_NONNULL = YES;
				CLANG_ANALYZER_NUMBER_OBJECT_CONVERSION = YES_AGGRESSIVE;
				CLANG_CXX_LANGUAGE_STANDARD = "gnu++14";
				CLANG_CXX_LIBRARY = "libc++";
				CLANG_ENABLE_MODULES = YES;
				CLANG_ENABLE_OBJC_ARC = YES;
				CLANG_ENABLE_OBJC_WEAK = YES;
				CLANG_WARN_BLOCK_CAPTURE_AUTORELEASING = YES;
				CLANG_WARN_BOOL_CONVERSION = YES;
				CLANG_WARN_COMMA = YES;
				CLANG_WARN_CONSTANT_CONVERSION = YES;
				CLANG_WARN_DEPRECATED_OBJC_IMPLEMENTATIONS = YES;
				CLANG_WARN_DIRECT_OBJC_ISA_USAGE = YES_ERROR;
				CLANG_WARN_DOCUMENTATION_COMMENTS = YES;
				CLANG_WARN_EMPTY_BODY = YES;
				CLANG_WARN_ENUM_CONVERSION = YES;
				CLANG_WARN_INFINITE_RECURSION = YES;
				CLANG_WARN_INT_CONVERSION = YES;
				CLANG_WARN_NON_LITERAL_NULL_CONVERSION = YES;
				CLANG_WARN_OBJC_IMPLICIT_RETAIN_SELF = YES;
				CLANG_WARN_OBJC_LITERAL_CONVERSION = YES;
				CLANG_WARN_OBJC_ROOT_CLASS = YES_ERROR;
				CLANG_WARN_RANGE_LOOP_ANALYSIS = YES;
				CLANG_WARN_STRICT_PROTOTYPES = YES;
				CLANG_WARN_SUSPICIOUS_MOVE = YES;
				CLANG_WARN_UNGUARDED_AVAILABILITY = YES_AGGRESSIVE;
				CLANG_WARN_UNREACHABLE_CODE = YES;
				CLANG_WARN__DUPLICATE_METHOD_MATCH = YES;
				CODE_SIGN_IDENTITY = "iPhone Developer";
				COPY_PHASE_STRIP = NO;
				DEBUG_INFORMATION_FORMAT = "dwarf-with-dsym";
				ENABLE_NS_ASSERTIONS = NO;
				ENABLE_STRICT_OBJC_MSGSEND = YES;
				GCC_C_LANGUAGE_STANDARD = gnu11;
				GCC_NO_COMMON_BLOCKS = YES;
				GCC_WARN_64_TO_32_BIT_CONVERSION = YES;
				GCC_WARN_ABOUT_RETURN_TYPE = YES_ERROR;
				GCC_WARN_UNDECLARED_SELECTOR = YES;
				GCC_WARN_UNINITIALIZED_AUTOS = YES_AGGRESSIVE;
				GCC_WARN_UNUSED_FUNCTION = YES;
				GCC_WARN_UNUSED_VARIABLE = YES;
				IPHONEOS_DEPLOYMENT_TARGET = 12.1;
				MTL_ENABLE_DEBUG_INFO = NO;
				MTL_FAST_MATH = YES;
				SDKROOT = iphoneos;
				SWIFT_COMPILATION_MODE = wholemodule;
				SWIFT_OPTIMIZATION_LEVEL = "-O";
				VALIDATE_PRODUCT = YES;
			};
			name = Release;
		};
		4913B38622034E08009E8A10 /* Debug */ = {
			isa = XCBuildConfiguration;
			baseConfigurationReference = C65B8F7B023A0BDCD20D2E68 /* Pods-OpenWeatherAPIsDemo.debug.xcconfig */;
			buildSettings = {
				ASSETCATALOG_COMPILER_APPICON_NAME = AppIcon;
				CODE_SIGN_STYLE = Automatic;
				DEVELOPMENT_TEAM = 7XGX6TD7GL;
				INFOPLIST_FILE = OpenWeatherAPIsDemo/Info.plist;
				LD_RUNPATH_SEARCH_PATHS = (
					"$(inherited)",
					"@executable_path/Frameworks",
				);
				PRODUCT_BUNDLE_IDENTIFIER = "Abdoulaye-Diallo.OpenWeatherAPIsDemo";
				PRODUCT_NAME = "$(TARGET_NAME)";
				SWIFT_VERSION = 4.2;
				TARGETED_DEVICE_FAMILY = "1,2";
			};
			name = Debug;
		};
		4913B38722034E08009E8A10 /* Release */ = {
			isa = XCBuildConfiguration;
			baseConfigurationReference = 97BD4200B9513D1AE0EA4E72 /* Pods-OpenWeatherAPIsDemo.release.xcconfig */;
			buildSettings = {
				ASSETCATALOG_COMPILER_APPICON_NAME = AppIcon;
				CODE_SIGN_STYLE = Automatic;
				DEVELOPMENT_TEAM = 7XGX6TD7GL;
				INFOPLIST_FILE = OpenWeatherAPIsDemo/Info.plist;
				LD_RUNPATH_SEARCH_PATHS = (
					"$(inherited)",
					"@executable_path/Frameworks",
				);
				PRODUCT_BUNDLE_IDENTIFIER = "Abdoulaye-Diallo.OpenWeatherAPIsDemo";
				PRODUCT_NAME = "$(TARGET_NAME)";
				SWIFT_VERSION = 4.2;
				TARGETED_DEVICE_FAMILY = "1,2";
			};
			name = Release;
		};
/* End XCBuildConfiguration section */

/* Begin XCConfigurationList section */
		4913B36B22034E04009E8A10 /* Build configuration list for PBXProject "OpenWeatherAPIsDemo" */ = {
			isa = XCConfigurationList;
			buildConfigurations = (
				4913B38322034E08009E8A10 /* Debug */,
				4913B38422034E08009E8A10 /* Release */,
			);
			defaultConfigurationIsVisible = 0;
			defaultConfigurationName = Release;
		};
		4913B38522034E08009E8A10 /* Build configuration list for PBXNativeTarget "OpenWeatherAPIsDemo" */ = {
			isa = XCConfigurationList;
			buildConfigurations = (
				4913B38622034E08009E8A10 /* Debug */,
				4913B38722034E08009E8A10 /* Release */,
			);
			defaultConfigurationIsVisible = 0;
			defaultConfigurationName = Release;
		};
/* End XCConfigurationList section */

/* Begin XCVersionGroup section */
		4913B37A22034E04009E8A10 /* OpenWeatherAPIsDemo.xcdatamodeld */ = {
			isa = XCVersionGroup;
			children = (
				4913B37B22034E04009E8A10 /* OpenWeatherAPIsDemo.xcdatamodel */,
			);
			currentVersion = 4913B37B22034E04009E8A10 /* OpenWeatherAPIsDemo.xcdatamodel */;
			path = OpenWeatherAPIsDemo.xcdatamodeld;
			sourceTree = "<group>";
			versionGroupType = wrapper.xcdatamodel;
		};
/* End XCVersionGroup section */
	};
	rootObject = 4913B36822034E04009E8A10 /* Project object */;
}
